
Microsoft Visual Studio Solution File, Format Version 12.00
# Visual Studio 15
Project("{FAE04EC0-301F-11D3-BF4B-00C04F79EFBC}") = "Assembly-CSharp", "Assembly-CSharp.csproj", "{E663F052-A456-4875-112C-3858C75B7F5F}"
EndProject
Project("{FAE04EC0-301F-11D3-BF4B-00C04F79EFBC}") = "Assembly-CSharp-Editor", "Assembly-CSharp-Editor.csproj", "{FDD29E5B-6520-22BB-1A20-28F784921679}"
EndProject
Global
	GlobalSection(SolutionConfigurationPlatforms) = preSolution
		Debug|Any CPU = Debug|Any CPU
		Release|Any CPU = Release|Any CPU
	EndGlobalSection
	GlobalSection(ProjectConfigurationPlatforms) = postSolution
		{E663F052-A456-4875-112C-3858C75B7F5F}.Debug|Any CPU.ActiveCfg = Debug|Any CPU
		{E663F052-A456-4875-112C-3858C75B7F5F}.Debug|Any CPU.Build.0 = Debug|Any CPU
		{E663F052-A456-4875-112C-3858C75B7F5F}.Release|Any CPU.ActiveCfg = Release|Any CPU
		{E663F052-A456-4875-112C-3858C75B7F5F}.Release|Any CPU.Build.0 = Release|Any CPU
		{FDD29E5B-6520-22BB-1A20-28F784921679}.Debug|Any CPU.ActiveCfg = Debug|Any CPU
		{FDD29E5B-6520-22BB-1A20-28F784921679}.Debug|Any CPU.Build.0 = Debug|Any CPU
		{FDD29E5B-6520-22BB-1A20-28F784921679}.Release|Any CPU.ActiveCfg = Release|Any CPU
		{FDD29E5B-6520-22BB-1A20-28F784921679}.Release|Any CPU.Build.0 = Release|Any CPU
	EndGlobalSection
	GlobalSection(SolutionProperties) = preSolution
		HideSolutionNode = FALSE
	EndGlobalSection
EndGlobal
